
Microsoft Visual Studio Solution File, Format Version 12.00
# Visual Studio Version 16
VisualStudioVersion = 16.0.29324.140
MinimumVisualStudioVersion = 10.0.40219.1
Project("{FAE04EC0-301F-11D3-BF4B-00C04F79EFBC}") = "Prakt5_Pi", "Prakt5_Pi\Prakt5_Pi.csproj", "{77AAD1C4-C59B-41A1-90B4-D370824904E2}"
EndProject
Global
	GlobalSection(SolutionConfigurationPlatforms) = preSolution
		Debug|Any CPU = Debug|Any CPU
		Release|Any CPU = Release|Any CPU
	EndGlobalSection
	GlobalSection(ProjectConfigurationPlatforms) = postSolution
		{77AAD1C4-C59B-41A1-90B4-D370824904E2}.Debug|Any CPU.ActiveCfg = Debug|Any CPU
		{77AAD1C4-C59B-41A1-90B4-D370824904E2}.Debug|Any CPU.Build.0 = Debug|Any CPU
		{77AAD1C4-C59B-41A1-90B4-D370824904E2}.Release|Any CPU.ActiveCfg = Release|Any CPU
		{77AAD1C4-C59B-41A1-90B4-D370824904E2}.Release|Any CPU.Build.0 = Release|Any CPU
	EndGlobalSection
	GlobalSection(SolutionProperties) = preSolution
		HideSolutionNode = FALSE
	EndGlobalSection
	GlobalSection(ExtensibilityGlobals) = postSolution
		SolutionGuid = {16A8A673-307A-4D54-8A3A-1A8BAE21D891}
	EndGlobalSection
EndGlobal
